
Microsoft Visual Studio Solution File, Format Version 12.00
# Visual Studio Version 16
VisualStudioVersion = 16.0.30204.135
MinimumVisualStudioVersion = 10.0.40219.1
Project("{FAE04EC0-301F-11D3-BF4B-00C04F79EFBC}") = "WebCrawler_AngleSharp", "WebCrawler_AngleSharp.csproj", "{67464F0C-95EC-43B6-A2A8-B73A75B1646A}"
EndProject
Global
	GlobalSection(SolutionConfigurationPlatforms) = preSolution
		Debug|Any CPU = Debug|Any CPU
		Release|Any CPU = Release|Any CPU
	EndGlobalSection
	GlobalSection(ProjectConfigurationPlatforms) = postSolution
		{67464F0C-95EC-43B6-A2A8-B73A75B1646A}.Debug|Any CPU.ActiveCfg = Debug|Any CPU
		{67464F0C-95EC-43B6-A2A8-B73A75B1646A}.Debug|Any CPU.Build.0 = Debug|Any CPU
		{67464F0C-95EC-43B6-A2A8-B73A75B1646A}.Release|Any CPU.ActiveCfg = Release|Any CPU
		{67464F0C-95EC-43B6-A2A8-B73A75B1646A}.Release|Any CPU.Build.0 = Release|Any CPU
	EndGlobalSection
	GlobalSection(SolutionProperties) = preSolution
		HideSolutionNode = FALSE
	EndGlobalSection
	GlobalSection(ExtensibilityGlobals) = postSolution
		SolutionGuid = {AF7FCC6B-8472-4B68-8354-9DB83A91A93E}
	EndGlobalSection
EndGlobal
